
Microsoft Visual Studio Solution File, Format Version 12.00
# Visual Studio Version 16
VisualStudioVersion = 16.0.29613.14
MinimumVisualStudioVersion = 10.0.40219.1
Project("{2150E333-8FDC-42A3-9474-1A3956D46DE8}") = "Solution Items", "Solution Items", "{22EA4DA7-BB2F-45E7-BDBB-32AD0824CF47}"
	ProjectSection(SolutionItems) = preProject
		.editorconfig = .editorconfig
		.gitattributes = .gitattributes
		.gitignore = .gitignore
		LICENSE = LICENSE
		README.md = README.md
	EndProjectSection
EndProject
Project("{FAE04EC0-301F-11D3-BF4B-00C04F79EFBC}") = "enovating.POT.MSW", "src\enovating.POT.MSW\enovating.POT.MSW.csproj", "{1E720656-2493-4219-A056-5422676AEDA2}"
EndProject
Global
	GlobalSection(SolutionConfigurationPlatforms) = preSolution
		Debug|Any CPU = Debug|Any CPU
		Release|Any CPU = Release|Any CPU
	EndGlobalSection
	GlobalSection(ProjectConfigurationPlatforms) = postSolution
		{1E720656-2493-4219-A056-5422676AEDA2}.Debug|Any CPU.ActiveCfg = Debug|Any CPU
		{1E720656-2493-4219-A056-5422676AEDA2}.Debug|Any CPU.Build.0 = Debug|Any CPU
		{1E720656-2493-4219-A056-5422676AEDA2}.Release|Any CPU.ActiveCfg = Release|Any CPU
		{1E720656-2493-4219-A056-5422676AEDA2}.Release|Any CPU.Build.0 = Release|Any CPU
	EndGlobalSection
	GlobalSection(SolutionProperties) = preSolution
		HideSolutionNode = FALSE
	EndGlobalSection
	GlobalSection(ExtensibilityGlobals) = postSolution
		SolutionGuid = {2CBE0EF7-97C9-4DD8-A612-4013325C3C08}
	EndGlobalSection
EndGlobal
